
Microsoft Visual Studio Solution File, Format Version 12.00
# Visual Studio Version 16
VisualStudioVersion = 16.0.31019.35
MinimumVisualStudioVersion = 10.0.40219.1
Project("{FAE04EC0-301F-11D3-BF4B-00C04F79EFBC}") = "Dotnet.Assignment", "Dotnet.Assignment\Dotnet.Assignment.csproj", "{F60C0CC9-BCB6-43CF-B0E4-2CD0E8D283FE}"
EndProject
Global
	GlobalSection(SolutionConfigurationPlatforms) = preSolution
		Debug|Any CPU = Debug|Any CPU
		Release|Any CPU = Release|Any CPU
	EndGlobalSection
	GlobalSection(ProjectConfigurationPlatforms) = postSolution
		{F60C0CC9-BCB6-43CF-B0E4-2CD0E8D283FE}.Debug|Any CPU.ActiveCfg = Debug|Any CPU
		{F60C0CC9-BCB6-43CF-B0E4-2CD0E8D283FE}.Debug|Any CPU.Build.0 = Debug|Any CPU
		{F60C0CC9-BCB6-43CF-B0E4-2CD0E8D283FE}.Release|Any CPU.ActiveCfg = Release|Any CPU
		{F60C0CC9-BCB6-43CF-B0E4-2CD0E8D283FE}.Release|Any CPU.Build.0 = Release|Any CPU
	EndGlobalSection
	GlobalSection(SolutionProperties) = preSolution
		HideSolutionNode = FALSE
	EndGlobalSection
	GlobalSection(ExtensibilityGlobals) = postSolution
		SolutionGuid = {CAF8A592-EC43-4AEC-97C8-7A5CD298F336}
	EndGlobalSection
EndGlobal
